
Microsoft Visual Studio Solution File, Format Version 12.00
# Visual Studio 15
VisualStudioVersion = 15.0.28307.136
MinimumVisualStudioVersion = 10.0.40219.1
Project("{FAE04EC0-301F-11D3-BF4B-00C04F79EFBC}") = "The Golden Chicory", "The Golden Chicory\The Golden Chicory.csproj", "{6CDC64B6-C567-4ACA-B70A-8A3085DA369A}"
EndProject
Global
	GlobalSection(SolutionConfigurationPlatforms) = preSolution
		Debug|Any CPU = Debug|Any CPU
		Release|Any CPU = Release|Any CPU
	EndGlobalSection
	GlobalSection(ProjectConfigurationPlatforms) = postSolution
		{6CDC64B6-C567-4ACA-B70A-8A3085DA369A}.Debug|Any CPU.ActiveCfg = Debug|Any CPU
		{6CDC64B6-C567-4ACA-B70A-8A3085DA369A}.Debug|Any CPU.Build.0 = Debug|Any CPU
		{6CDC64B6-C567-4ACA-B70A-8A3085DA369A}.Release|Any CPU.ActiveCfg = Release|Any CPU
		{6CDC64B6-C567-4ACA-B70A-8A3085DA369A}.Release|Any CPU.Build.0 = Release|Any CPU
	EndGlobalSection
	GlobalSection(SolutionProperties) = preSolution
		HideSolutionNode = FALSE
	EndGlobalSection
	GlobalSection(ExtensibilityGlobals) = postSolution
		SolutionGuid = {F9B0A538-5CEA-487F-A94B-2B0141497DEC}
	EndGlobalSection
EndGlobal
